{
  "originHash" : "f51b68ab6086465f22d0eb9dc17ebd9fee794be397bf761e0e57ee447b59d69e",
  "pins" : [
    {
      "identity" : "musap-ios",
      "kind" : "remoteSourceControl",
      "location" : "https://github.com/methics/musap-ios",
      "state" : {
        "branch" : "main",
        "revision" : "32aa44e9855a26910af694cc1187748e7b6b390b"
      }
    },
    {
      "identity" : "yubikit-ios",
      "kind" : "remoteSourceControl",
      "location" : "https://github.com/Yubico/yubikit-ios",
      "state" : {
        "revision" : "2c4206263763743a2f1ca3309b87432588be637f",
        "version" : "4.7.0"
      }
    }
  ],
  "version" : 3
}
